
Microsoft Visual Studio Solution File, Format Version 12.00
# Visual Studio Version 17
VisualStudioVersion = 17.6.33815.320
MinimumVisualStudioVersion = 10.0.40219.1
Project("{FAE04EC0-301F-11D3-BF4B-00C04F79EFBC}") = "lifeSE", "lifeSE.csproj", "{E13CB529-027C-4A47-BD51-ADE3D2EF0FAD}"
EndProject
Global
	GlobalSection(SolutionConfigurationPlatforms) = preSolution
		Debug|x64 = Debug|x64
	EndGlobalSection
	GlobalSection(ProjectConfigurationPlatforms) = postSolution
		{E13CB529-027C-4A47-BD51-ADE3D2EF0FAD}.Debug|x64.ActiveCfg = Debug|x64
		{E13CB529-027C-4A47-BD51-ADE3D2EF0FAD}.Debug|x64.Build.0 = Debug|x64
	EndGlobalSection
	GlobalSection(SolutionProperties) = preSolution
		HideSolutionNode = FALSE
	EndGlobalSection
	GlobalSection(ExtensibilityGlobals) = postSolution
		SolutionGuid = {B3773FBF-8BE8-47CC-9EDA-18686BD58BE8}
	EndGlobalSection
EndGlobal
